// !$*UTF8*$!
{
	archiveVersion = 1;
	classes = {
	};
	objectVersion = 56;
	objects = {

/* Begin PBXBuildFile section */
		198FEE7A2BD7366A008A7B8D /* StorageViewModel.swift in Sources */ = {isa = PBXBuildFile; fileRef = 198FEE792BD7366A008A7B8D /* StorageViewModel.swift */; };
		198FEE7D2BD736AA008A7B8D /* Model.xcdatamodeld in Sources */ = {isa = PBXBuildFile; fileRef = 198FEE7B2BD736AA008A7B8D /* Model.xcdatamodeld */; };
		198FEE7F2BD73D02008A7B8D /* HeaderView.swift in Sources */ = {isa = PBXBuildFile; fileRef = 198FEE7E2BD73D02008A7B8D /* HeaderView.swift */; };
		198FEE812BD885A3008A7B8D /* ScannerView.swift in Sources */ = {isa = PBXBuildFile; fileRef = 198FEE802BD885A3008A7B8D /* ScannerView.swift */; };
		198FEE832BD8879D008A7B8D /* InfoView.swift in Sources */ = {isa = PBXBuildFile; fileRef = 198FEE822BD8879D008A7B8D /* InfoView.swift */; };
		1D008D522BD210FC005A89D3 /* ClothingItem.swift in Sources */ = {isa = PBXBuildFile; fileRef = 1D008D512BD210FC005A89D3 /* ClothingItem.swift */; };
		1D008D542BD21108005A89D3 /* ClosetViewModel.swift in Sources */ = {isa = PBXBuildFile; fileRef = 1D008D532BD21108005A89D3 /* ClosetViewModel.swift */; };
		1D008D562BD21111005A89D3 /* ClothingItemView.swift in Sources */ = {isa = PBXBuildFile; fileRef = 1D008D552BD21111005A89D3 /* ClothingItemView.swift */; };
		1D008D582BD21119005A89D3 /* ClosetView.swift in Sources */ = {isa = PBXBuildFile; fileRef = 1D008D572BD21119005A89D3 /* ClosetView.swift */; };
		514120932BD6C8640017C8DF /* ClothingMetadataView.swift in Sources */ = {isa = PBXBuildFile; fileRef = 514120922BD6C8640017C8DF /* ClothingMetadataView.swift */; };
		51A17B7C2BCB00F600899683 /* ClothesScannerApp.swift in Sources */ = {isa = PBXBuildFile; fileRef = 51A17B7B2BCB00F600899683 /* ClothesScannerApp.swift */; };
		51A17B7E2BCB00F600899683 /* ContentView.swift in Sources */ = {isa = PBXBuildFile; fileRef = 51A17B7D2BCB00F600899683 /* ContentView.swift */; };
		51A17B802BCB00F800899683 /* Assets.xcassets in Resources */ = {isa = PBXBuildFile; fileRef = 51A17B7F2BCB00F800899683 /* Assets.xcassets */; };
		51A17B832BCB00F800899683 /* Preview Assets.xcassets in Resources */ = {isa = PBXBuildFile; fileRef = 51A17B822BCB00F800899683 /* Preview Assets.xcassets */; };
		51A17B8D2BCB00F800899683 /* ClothesScannerTests.swift in Sources */ = {isa = PBXBuildFile; fileRef = 51A17B8C2BCB00F800899683 /* ClothesScannerTests.swift */; };
		51A17B972BCB00F800899683 /* ClothesScannerUITests.swift in Sources */ = {isa = PBXBuildFile; fileRef = 51A17B962BCB00F800899683 /* ClothesScannerUITests.swift */; };
		51A17B992BCB00F800899683 /* ClothesScannerUITestsLaunchTests.swift in Sources */ = {isa = PBXBuildFile; fileRef = 51A17B982BCB00F800899683 /* ClothesScannerUITestsLaunchTests.swift */; };
		51A17BA92BCB038B00899683 /* CameraView.swift in Sources */ = {isa = PBXBuildFile; fileRef = 51A17BA52BCB014600899683 /* CameraView.swift */; };
		51A17BAF2BD5D37500899683 /* ImageVisionHelper.swift in Sources */ = {isa = PBXBuildFile; fileRef = 51A17BAE2BD5D37500899683 /* ImageVisionHelper.swift */; };
		51A17BB22BD612C600899683 /* CameraViewModel.swift in Sources */ = {isa = PBXBuildFile; fileRef = 51A17BB12BD612C600899683 /* CameraViewModel.swift */; };
/* End PBXBuildFile section */

/* Begin PBXContainerItemProxy section */
		51A17B892BCB00F800899683 /* PBXContainerItemProxy */ = {
			isa = PBXContainerItemProxy;
			containerPortal = 51A17B702BCB00F600899683 /* Project object */;
			proxyType = 1;
			remoteGlobalIDString = 51A17B772BCB00F600899683;
			remoteInfo = ClothesScanner;
		};
		51A17B932BCB00F800899683 /* PBXContainerItemProxy */ = {
			isa = PBXContainerItemProxy;
			containerPortal = 51A17B702BCB00F600899683 /* Project object */;
			proxyType = 1;
			remoteGlobalIDString = 51A17B772BCB00F600899683;
			remoteInfo = ClothesScanner;
		};
/* End PBXContainerItemProxy section */

/* Begin PBXFileReference section */
		198FEE792BD7366A008A7B8D /* StorageViewModel.swift */ = {isa = PBXFileReference; lastKnownFileType = sourcecode.swift; path = StorageViewModel.swift; sourceTree = "<group>"; };
		198FEE7C2BD736AA008A7B8D /* Model.xcdatamodel */ = {isa = PBXFileReference; lastKnownFileType = wrapper.xcdatamodel; path = Model.xcdatamodel; sourceTree = "<group>"; };
		198FEE7E2BD73D02008A7B8D /* HeaderView.swift */ = {isa = PBXFileReference; lastKnownFileType = sourcecode.swift; path = HeaderView.swift; sourceTree = "<group>"; };
		198FEE802BD885A3008A7B8D /* ScannerView.swift */ = {isa = PBXFileReference; lastKnownFileType = sourcecode.swift; path = ScannerView.swift; sourceTree = "<group>"; };
		198FEE822BD8879D008A7B8D /* InfoView.swift */ = {isa = PBXFileReference; lastKnownFileType = sourcecode.swift; path = InfoView.swift; sourceTree = "<group>"; };
		1D008D512BD210FC005A89D3 /* ClothingItem.swift */ = {isa = PBXFileReference; lastKnownFileType = sourcecode.swift; path = ClothingItem.swift; sourceTree = "<group>"; };
		1D008D532BD21108005A89D3 /* ClosetViewModel.swift */ = {isa = PBXFileReference; lastKnownFileType = sourcecode.swift; path = ClosetViewModel.swift; sourceTree = "<group>"; };
		1D008D552BD21111005A89D3 /* ClothingItemView.swift */ = {isa = PBXFileReference; lastKnownFileType = sourcecode.swift; path = ClothingItemView.swift; sourceTree = "<group>"; };
		1D008D572BD21119005A89D3 /* ClosetView.swift */ = {isa = PBXFileReference; lastKnownFileType = sourcecode.swift; path = ClosetView.swift; sourceTree = "<group>"; };
		514120922BD6C8640017C8DF /* ClothingMetadataView.swift */ = {isa = PBXFileReference; lastKnownFileType = sourcecode.swift; path = ClothingMetadataView.swift; sourceTree = "<group>"; };
		51A17B782BCB00F600899683 /* ClothesScanner.app */ = {isa = PBXFileReference; explicitFileType = wrapper.application; includeInIndex = 0; path = ClothesScanner.app; sourceTree = BUILT_PRODUCTS_DIR; };
		51A17B7B2BCB00F600899683 /* ClothesScannerApp.swift */ = {isa = PBXFileReference; lastKnownFileType = sourcecode.swift; path = ClothesScannerApp.swift; sourceTree = "<group>"; };
		51A17B7D2BCB00F600899683 /* ContentView.swift */ = {isa = PBXFileReference; lastKnownFileType = sourcecode.swift; path = ContentView.swift; sourceTree = "<group>"; };
		51A17B7F2BCB00F800899683 /* Assets.xcassets */ = {isa = PBXFileReference; lastKnownFileType = folder.assetcatalog; path = Assets.xcassets; sourceTree = "<group>"; };
		51A17B822BCB00F800899683 /* Preview Assets.xcassets */ = {isa = PBXFileReference; lastKnownFileType = folder.assetcatalog; path = "Preview Assets.xcassets"; sourceTree = "<group>"; };
		51A17B882BCB00F800899683 /* ClothesScannerTests.xctest */ = {isa = PBXFileReference; explicitFileType = wrapper.cfbundle; includeInIndex = 0; path = ClothesScannerTests.xctest; sourceTree = BUILT_PRODUCTS_DIR; };
		51A17B8C2BCB00F800899683 /* ClothesScannerTests.swift */ = {isa = PBXFileReference; lastKnownFileType = sourcecode.swift; path = ClothesScannerTests.swift; sourceTree = "<group>"; };
		51A17B922BCB00F800899683 /* ClothesScannerUITests.xctest */ = {isa = PBXFileReference; explicitFileType = wrapper.cfbundle; includeInIndex = 0; path = ClothesScannerUITests.xctest; sourceTree = BUILT_PRODUCTS_DIR; };
		51A17B962BCB00F800899683 /* ClothesScannerUITests.swift */ = {isa = PBXFileReference; lastKnownFileType = sourcecode.swift; path = ClothesScannerUITests.swift; sourceTree = "<group>"; };
		51A17B982BCB00F800899683 /* ClothesScannerUITestsLaunchTests.swift */ = {isa = PBXFileReference; lastKnownFileType = sourcecode.swift; path = ClothesScannerUITestsLaunchTests.swift; sourceTree = "<group>"; };
		51A17BA52BCB014600899683 /* CameraView.swift */ = {isa = PBXFileReference; lastKnownFileType = sourcecode.swift; path = CameraView.swift; sourceTree = "<group>"; };
		51A17BAB2BCB044300899683 /* Info.plist */ = {isa = PBXFileReference; lastKnownFileType = text.plist; path = Info.plist; sourceTree = "<group>"; };
		51A17BAE2BD5D37500899683 /* ImageVisionHelper.swift */ = {isa = PBXFileReference; lastKnownFileType = sourcecode.swift; path = ImageVisionHelper.swift; sourceTree = "<group>"; };
		51A17BB12BD612C600899683 /* CameraViewModel.swift */ = {isa = PBXFileReference; lastKnownFileType = sourcecode.swift; path = CameraViewModel.swift; sourceTree = "<group>"; };
/* End PBXFileReference section */

/* Begin PBXFrameworksBuildPhase section */
		51A17B752BCB00F600899683 /* Frameworks */ = {
			isa = PBXFrameworksBuildPhase;
			buildActionMask = 2147483647;
			files = (
			);
			runOnlyForDeploymentPostprocessing = 0;
		};
		51A17B852BCB00F800899683 /* Frameworks */ = {
			isa = PBXFrameworksBuildPhase;
			buildActionMask = 2147483647;
			files = (
			);
			runOnlyForDeploymentPostprocessing = 0;
		};
		51A17B8F2BCB00F800899683 /* Frameworks */ = {
			isa = PBXFrameworksBuildPhase;
			buildActionMask = 2147483647;
			files = (
			);
			runOnlyForDeploymentPostprocessing = 0;
		};
/* End PBXFrameworksBuildPhase section */

/* Begin PBXGroup section */
		1D008D4F2BD210E0005A89D3 /* ViewModels */ = {
			isa = PBXGroup;
			children = (
				1D008D532BD21108005A89D3 /* ClosetViewModel.swift */,
			);
			path = ViewModels;
			sourceTree = "<group>";
		};
		1D008D502BD210E7005A89D3 /* Models */ = {
			isa = PBXGroup;
			children = (
				1D008D512BD210FC005A89D3 /* ClothingItem.swift */,
				198FEE7B2BD736AA008A7B8D /* Model.xcdatamodeld */,
			);
			path = Models;
			sourceTree = "<group>";
		};
		51A17B6F2BCB00F600899683 = {
			isa = PBXGroup;
			children = (
				51A17B7A2BCB00F600899683 /* ClothesScanner */,
				51A17B8B2BCB00F800899683 /* ClothesScannerTests */,
				51A17B952BCB00F800899683 /* ClothesScannerUITests */,
				51A17B792BCB00F600899683 /* Products */,
			);
			sourceTree = "<group>";
		};
		51A17B792BCB00F600899683 /* Products */ = {
			isa = PBXGroup;
			children = (
				51A17B782BCB00F600899683 /* ClothesScanner.app */,
				51A17B882BCB00F800899683 /* ClothesScannerTests.xctest */,
				51A17B922BCB00F800899683 /* ClothesScannerUITests.xctest */,
			);
			name = Products;
			sourceTree = "<group>";
		};
		51A17B7A2BCB00F600899683 /* ClothesScanner */ = {
			isa = PBXGroup;
			children = (
				1D008D502BD210E7005A89D3 /* Models */,
				1D008D4F2BD210E0005A89D3 /* ViewModels */,
				51A17BB02BD6124C00899683 /* View Models */,
				51A17BAD2BD5D28700899683 /* Helpers */,
				51A17BAC2BD5D27200899683 /* Views */,
				51A17BAB2BCB044300899683 /* Info.plist */,
				51A17B7B2BCB00F600899683 /* ClothesScannerApp.swift */,
				51A17B7F2BCB00F800899683 /* Assets.xcassets */,
				51A17B812BCB00F800899683 /* Preview Content */,
			);
			path = ClothesScanner;
			sourceTree = "<group>";
		};
		51A17B812BCB00F800899683 /* Preview Content */ = {
			isa = PBXGroup;
			children = (
				51A17B822BCB00F800899683 /* Preview Assets.xcassets */,
			);
			path = "Preview Content";
			sourceTree = "<group>";
		};
		51A17B8B2BCB00F800899683 /* ClothesScannerTests */ = {
			isa = PBXGroup;
			children = (
				51A17B8C2BCB00F800899683 /* ClothesScannerTests.swift */,
			);
			path = ClothesScannerTests;
			sourceTree = "<group>";
		};
		51A17B952BCB00F800899683 /* ClothesScannerUITests */ = {
			isa = PBXGroup;
			children = (
				51A17B962BCB00F800899683 /* ClothesScannerUITests.swift */,
				51A17B982BCB00F800899683 /* ClothesScannerUITestsLaunchTests.swift */,
			);
			path = ClothesScannerUITests;
			sourceTree = "<group>";
		};
		51A17BAC2BD5D27200899683 /* Views */ = {
			isa = PBXGroup;
			children = (
				1D008D552BD21111005A89D3 /* ClothingItemView.swift */,
				1D008D572BD21119005A89D3 /* ClosetView.swift */,
				51A17B7D2BCB00F600899683 /* ContentView.swift */,
				51A17BA52BCB014600899683 /* CameraView.swift */,
				514120922BD6C8640017C8DF /* ClothingMetadataView.swift */,
				198FEE7E2BD73D02008A7B8D /* HeaderView.swift */,
				198FEE802BD885A3008A7B8D /* ScannerView.swift */,
				198FEE822BD8879D008A7B8D /* InfoView.swift */,
			);
			path = Views;
			sourceTree = "<group>";
		};
		51A17BAD2BD5D28700899683 /* Helpers */ = {
			isa = PBXGroup;
			children = (
				51A17BAE2BD5D37500899683 /* ImageVisionHelper.swift */,
			);
			path = Helpers;
			sourceTree = "<group>";
		};
		51A17BB02BD6124C00899683 /* View Models */ = {
			isa = PBXGroup;
			children = (
				51A17BB12BD612C600899683 /* CameraViewModel.swift */,
				198FEE792BD7366A008A7B8D /* StorageViewModel.swift */,
			);
			path = "View Models";
			sourceTree = "<group>";
		};
/* End PBXGroup section */

/* Begin PBXNativeTarget section */
		51A17B772BCB00F600899683 /* ClothesScanner */ = {
			isa = PBXNativeTarget;
			buildConfigurationList = 51A17B9C2BCB00F800899683 /* Build configuration list for PBXNativeTarget "ClothesScanner" */;
			buildPhases = (
				51A17B742BCB00F600899683 /* Sources */,
				51A17B752BCB00F600899683 /* Frameworks */,
				51A17B762BCB00F600899683 /* Resources */,
			);
			buildRules = (
			);
			dependencies = (
			);
			name = ClothesScanner;
			productName = ClothesScanner;
			productReference = 51A17B782BCB00F600899683 /* ClothesScanner.app */;
			productType = "com.apple.product-type.application";
		};
		51A17B872BCB00F800899683 /* ClothesScannerTests */ = {
			isa = PBXNativeTarget;
			buildConfigurationList = 51A17B9F2BCB00F800899683 /* Build configuration list for PBXNativeTarget "ClothesScannerTests" */;
			buildPhases = (
				51A17B842BCB00F800899683 /* Sources */,
				51A17B852BCB00F800899683 /* Frameworks */,
				51A17B862BCB00F800899683 /* Resources */,
			);
			buildRules = (
			);
			dependencies = (
				51A17B8A2BCB00F800899683 /* PBXTargetDependency */,
			);
			name = ClothesScannerTests;
			productName = ClothesScannerTests;
			productReference = 51A17B882BCB00F800899683 /* ClothesScannerTests.xctest */;
			productType = "com.apple.product-type.bundle.unit-test";
		};
		51A17B912BCB00F800899683 /* ClothesScannerUITests */ = {
			isa = PBXNativeTarget;
			buildConfigurationList = 51A17BA22BCB00F800899683 /* Build configuration list for PBXNativeTarget "ClothesScannerUITests" */;
			buildPhases = (
				51A17B8E2BCB00F800899683 /* Sources */,
				51A17B8F2BCB00F800899683 /* Frameworks */,
				51A17B902BCB00F800899683 /* Resources */,
			);
			buildRules = (
			);
			dependencies = (
				51A17B942BCB00F800899683 /* PBXTargetDependency */,
			);
			name = ClothesScannerUITests;
			productName = ClothesScannerUITests;
			productReference = 51A17B922BCB00F800899683 /* ClothesScannerUITests.xctest */;
			productType = "com.apple.product-type.bundle.ui-testing";
		};
/* End PBXNativeTarget section */

/* Begin PBXProject section */
		51A17B702BCB00F600899683 /* Project object */ = {
			isa = PBXProject;
			attributes = {
				BuildIndependentTargetsInParallel = 1;
				LastSwiftUpdateCheck = 1520;
				LastUpgradeCheck = 1520;
				TargetAttributes = {
					51A17B772BCB00F600899683 = {
						CreatedOnToolsVersion = 15.2;
					};
					51A17B872BCB00F800899683 = {
						CreatedOnToolsVersion = 15.2;
						TestTargetID = 51A17B772BCB00F600899683;
					};
					51A17B912BCB00F800899683 = {
						CreatedOnToolsVersion = 15.2;
						TestTargetID = 51A17B772BCB00F600899683;
					};
				};
			};
			buildConfigurationList = 51A17B732BCB00F600899683 /* Build configuration list for PBXProject "ClothesScanner" */;
			compatibilityVersion = "Xcode 14.0";
			developmentRegion = en;
			hasScannedForEncodings = 0;
			knownRegions = (
				en,
				Base,
			);
			mainGroup = 51A17B6F2BCB00F600899683;
			productRefGroup = 51A17B792BCB00F600899683 /* Products */;
			projectDirPath = "";
			projectRoot = "";
			targets = (
				51A17B772BCB00F600899683 /* ClothesScanner */,
				51A17B872BCB00F800899683 /* ClothesScannerTests */,
				51A17B912BCB00F800899683 /* ClothesScannerUITests */,
			);
		};
/* End PBXProject section */

/* Begin PBXResourcesBuildPhase section */
		51A17B762BCB00F600899683 /* Resources */ = {
			isa = PBXResourcesBuildPhase;
			buildActionMask = 2147483647;
			files = (
				51A17B832BCB00F800899683 /* Preview Assets.xcassets in Resources */,
				51A17B802BCB00F800899683 /* Assets.xcassets in Resources */,
			);
			runOnlyForDeploymentPostprocessing = 0;
		};
		51A17B862BCB00F800899683 /* Resources */ = {
			isa = PBXResourcesBuildPhase;
			buildActionMask = 2147483647;
			files = (
			);
			runOnlyForDeploymentPostprocessing = 0;
		};
		51A17B902BCB00F800899683 /* Resources */ = {
			isa = PBXResourcesBuildPhase;
			buildActionMask = 2147483647;
			files = (
			);
			runOnlyForDeploymentPostprocessing = 0;
		};
/* End PBXResourcesBuildPhase section */

/* Begin PBXSourcesBuildPhase section */
		51A17B742BCB00F600899683 /* Sources */ = {
			isa = PBXSourcesBuildPhase;
			buildActionMask = 2147483647;
			files = (
				1D008D582BD21119005A89D3 /* ClosetView.swift in Sources */,
				1D008D522BD210FC005A89D3 /* ClothingItem.swift in Sources */,
				1D008D562BD21111005A89D3 /* ClothingItemView.swift in Sources */,
				514120932BD6C8640017C8DF /* ClothingMetadataView.swift in Sources */,
				198FEE7A2BD7366A008A7B8D /* StorageViewModel.swift in Sources */,
				198FEE812BD885A3008A7B8D /* ScannerView.swift in Sources */,
				51A17BA92BCB038B00899683 /* CameraView.swift in Sources */,
				51A17BAF2BD5D37500899683 /* ImageVisionHelper.swift in Sources */,
				51A17B7E2BCB00F600899683 /* ContentView.swift in Sources */,
				51A17BB22BD612C600899683 /* CameraViewModel.swift in Sources */,
				51A17B7C2BCB00F600899683 /* ClothesScannerApp.swift in Sources */,
				1D008D542BD21108005A89D3 /* ClosetViewModel.swift in Sources */,
				198FEE7D2BD736AA008A7B8D /* Model.xcdatamodeld in Sources */,
				198FEE832BD8879D008A7B8D /* InfoView.swift in Sources */,
				198FEE7F2BD73D02008A7B8D /* HeaderView.swift in Sources */,
			);
			runOnlyForDeploymentPostprocessing = 0;
		};
		51A17B842BCB00F800899683 /* Sources */ = {
			isa = PBXSourcesBuildPhase;
			buildActionMask = 2147483647;
			files = (
				51A17B8D2BCB00F800899683 /* ClothesScannerTests.swift in Sources */,
			);
			runOnlyForDeploymentPostprocessing = 0;
		};
		51A17B8E2BCB00F800899683 /* Sources */ = {
			isa = PBXSourcesBuildPhase;
			buildActionMask = 2147483647;
			files = (
				51A17B992BCB00F800899683 /* ClothesScannerUITestsLaunchTests.swift in Sources */,
				51A17B972BCB00F800899683 /* ClothesScannerUITests.swift in Sources */,
			);
			runOnlyForDeploymentPostprocessing = 0;
		};
/* End PBXSourcesBuildPhase section */

/* Begin PBXTargetDependency section */
		51A17B8A2BCB00F800899683 /* PBXTargetDependency */ = {
			isa = PBXTargetDependency;
			target = 51A17B772BCB00F600899683 /* ClothesScanner */;
			targetProxy = 51A17B892BCB00F800899683 /* PBXContainerItemProxy */;
		};
		51A17B942BCB00F800899683 /* PBXTargetDependency */ = {
			isa = PBXTargetDependency;
			target = 51A17B772BCB00F600899683 /* ClothesScanner */;
			targetProxy = 51A17B932BCB00F800899683 /* PBXContainerItemProxy */;
		};
/* End PBXTargetDependency section */

/* Begin XCBuildConfiguration section */
		51A17B9A2BCB00F800899683 /* Debug */ = {
			isa = XCBuildConfiguration;
			buildSettings = {
				ALWAYS_SEARCH_USER_PATHS = NO;
				ASSETCATALOG_COMPILER_GENERATE_SWIFT_ASSET_SYMBOL_EXTENSIONS = YES;
				CLANG_ANALYZER_NONNULL = YES;
				CLANG_ANALYZER_NUMBER_OBJECT_CONVERSION = YES_AGGRESSIVE;
				CLANG_CXX_LANGUAGE_STANDARD = "gnu++20";
				CLANG_ENABLE_MODULES = YES;
				CLANG_ENABLE_OBJC_ARC = YES;
				CLANG_ENABLE_OBJC_WEAK = YES;
				CLANG_WARN_BLOCK_CAPTURE_AUTORELEASING = YES;
				CLANG_WARN_BOOL_CONVERSION = YES;
				CLANG_WARN_COMMA = YES;
				CLANG_WARN_CONSTANT_CONVERSION = YES;
				CLANG_WARN_DEPRECATED_OBJC_IMPLEMENTATIONS = YES;
				CLANG_WARN_DIRECT_OBJC_ISA_USAGE = YES_ERROR;
				CLANG_WARN_DOCUMENTATION_COMMENTS = YES;
				CLANG_WARN_EMPTY_BODY = YES;
				CLANG_WARN_ENUM_CONVERSION = YES;
				CLANG_WARN_INFINITE_RECURSION = YES;
				CLANG_WARN_INT_CONVERSION = YES;
				CLANG_WARN_NON_LITERAL_NULL_CONVERSION = YES;
				CLANG_WARN_OBJC_IMPLICIT_RETAIN_SELF = YES;
				CLANG_WARN_OBJC_LITERAL_CONVERSION = YES;
				CLANG_WARN_OBJC_ROOT_CLASS = YES_ERROR;
				CLANG_WARN_QUOTED_INCLUDE_IN_FRAMEWORK_HEADER = YES;
				CLANG_WARN_RANGE_LOOP_ANALYSIS = YES;
				CLANG_WARN_STRICT_PROTOTYPES = YES;
				CLANG_WARN_SUSPICIOUS_MOVE = YES;
				CLANG_WARN_UNGUARDED_AVAILABILITY = YES_AGGRESSIVE;
				CLANG_WARN_UNREACHABLE_CODE = YES;
				CLANG_WARN__DUPLICATE_METHOD_MATCH = YES;
				COPY_PHASE_STRIP = NO;
				DEBUG_INFORMATION_FORMAT = dwarf;
				ENABLE_STRICT_OBJC_MSGSEND = YES;
				ENABLE_TESTABILITY = YES;
				ENABLE_USER_SCRIPT_SANDBOXING = YES;
				GCC_C_LANGUAGE_STANDARD = gnu17;
				GCC_DYNAMIC_NO_PIC = NO;
				GCC_NO_COMMON_BLOCKS = YES;
				GCC_OPTIMIZATION_LEVEL = 0;
				GCC_PREPROCESSOR_DEFINITIONS = (
					"DEBUG=1",
					"$(inherited)",
				);
				GCC_WARN_64_TO_32_BIT_CONVERSION = YES;
				GCC_WARN_ABOUT_RETURN_TYPE = YES_ERROR;
				GCC_WARN_UNDECLARED_SELECTOR = YES;
				GCC_WARN_UNINITIALIZED_AUTOS = YES_AGGRESSIVE;
				GCC_WARN_UNUSED_FUNCTION = YES;
				GCC_WARN_UNUSED_VARIABLE = YES;
				IPHONEOS_DEPLOYMENT_TARGET = 17.0;
				LOCALIZATION_PREFERS_STRING_CATALOGS = YES;
				MTL_ENABLE_DEBUG_INFO = INCLUDE_SOURCE;
				MTL_FAST_MATH = YES;
				ONLY_ACTIVE_ARCH = YES;
				SDKROOT = iphoneos;
				SWIFT_ACTIVE_COMPILATION_CONDITIONS = "DEBUG $(inherited)";
				SWIFT_OPTIMIZATION_LEVEL = "-Onone";
			};
			name = Debug;
		};
		51A17B9B2BCB00F800899683 /* Release */ = {
			isa = XCBuildConfiguration;
			buildSettings = {
				ALWAYS_SEARCH_USER_PATHS = NO;
				ASSETCATALOG_COMPILER_GENERATE_SWIFT_ASSET_SYMBOL_EXTENSIONS = YES;
				CLANG_ANALYZER_NONNULL = YES;
				CLANG_ANALYZER_NUMBER_OBJECT_CONVERSION = YES_AGGRESSIVE;
				CLANG_CXX_LANGUAGE_STANDARD = "gnu++20";
				CLANG_ENABLE_MODULES = YES;
				CLANG_ENABLE_OBJC_ARC = YES;
				CLANG_ENABLE_OBJC_WEAK = YES;
				CLANG_WARN_BLOCK_CAPTURE_AUTORELEASING = YES;
				CLANG_WARN_BOOL_CONVERSION = YES;
				CLANG_WARN_COMMA = YES;
				CLANG_WARN_CONSTANT_CONVERSION = YES;
				CLANG_WARN_DEPRECATED_OBJC_IMPLEMENTATIONS = YES;
				CLANG_WARN_DIRECT_OBJC_ISA_USAGE = YES_ERROR;
				CLANG_WARN_DOCUMENTATION_COMMENTS = YES;
				CLANG_WARN_EMPTY_BODY = YES;
				CLANG_WARN_ENUM_CONVERSION = YES;
				CLANG_WARN_INFINITE_RECURSION = YES;
				CLANG_WARN_INT_CONVERSION = YES;
				CLANG_WARN_NON_LITERAL_NULL_CONVERSION = YES;
				CLANG_WARN_OBJC_IMPLICIT_RETAIN_SELF = YES;
				CLANG_WARN_OBJC_LITERAL_CONVERSION = YES;
				CLANG_WARN_OBJC_ROOT_CLASS = YES_ERROR;
				CLANG_WARN_QUOTED_INCLUDE_IN_FRAMEWORK_HEADER = YES;
				CLANG_WARN_RANGE_LOOP_ANALYSIS = YES;
				CLANG_WARN_STRICT_PROTOTYPES = YES;
				CLANG_WARN_SUSPICIOUS_MOVE = YES;
				CLANG_WARN_UNGUARDED_AVAILABILITY = YES_AGGRESSIVE;
				CLANG_WARN_UNREACHABLE_CODE = YES;
				CLANG_WARN__DUPLICATE_METHOD_MATCH = YES;
				COPY_PHASE_STRIP = NO;
				DEBUG_INFORMATION_FORMAT = "dwarf-with-dsym";
				ENABLE_NS_ASSERTIONS = NO;
				ENABLE_STRICT_OBJC_MSGSEND = YES;
				ENABLE_USER_SCRIPT_SANDBOXING = YES;
				GCC_C_LANGUAGE_STANDARD = gnu17;
				GCC_NO_COMMON_BLOCKS = YES;
				GCC_WARN_64_TO_32_BIT_CONVERSION = YES;
				GCC_WARN_ABOUT_RETURN_TYPE = YES_ERROR;
				GCC_WARN_UNDECLARED_SELECTOR = YES;
				GCC_WARN_UNINITIALIZED_AUTOS = YES_AGGRESSIVE;
				GCC_WARN_UNUSED_FUNCTION = YES;
				GCC_WARN_UNUSED_VARIABLE = YES;
				IPHONEOS_DEPLOYMENT_TARGET = 17.0;
				LOCALIZATION_PREFERS_STRING_CATALOGS = YES;
				MTL_ENABLE_DEBUG_INFO = NO;
				MTL_FAST_MATH = YES;
				SDKROOT = iphoneos;
				SWIFT_COMPILATION_MODE = wholemodule;
				VALIDATE_PRODUCT = YES;
			};
			name = Release;
		};
		51A17B9D2BCB00F800899683 /* Debug */ = {
			isa = XCBuildConfiguration;
			buildSettings = {
				ASSETCATALOG_COMPILER_APPICON_NAME = AppIcon;
				ASSETCATALOG_COMPILER_GLOBAL_ACCENT_COLOR_NAME = AccentColor;
				CODE_SIGN_STYLE = Automatic;
				CURRENT_PROJECT_VERSION = 1;
				DEVELOPMENT_ASSET_PATHS = "\"ClothesScanner/Preview Content\"";
				DEVELOPMENT_TEAM = 3RX855KM35;
				ENABLE_PREVIEWS = YES;
				GENERATE_INFOPLIST_FILE = YES;
				INFOPLIST_FILE = ClothesScanner/Info.plist;
				INFOPLIST_KEY_NSCameraUsageDescription = "To scan clothes into the application";
				INFOPLIST_KEY_NSPhotoLibraryAddUsageDescription = "Allows app to save photos to photo library";
				INFOPLIST_KEY_UIApplicationSceneManifest_Generation = YES;
				INFOPLIST_KEY_UIApplicationSupportsIndirectInputEvents = YES;
				INFOPLIST_KEY_UILaunchScreen_Generation = YES;
				INFOPLIST_KEY_UISupportedInterfaceOrientations_iPad = "UIInterfaceOrientationPortrait UIInterfaceOrientationPortraitUpsideDown UIInterfaceOrientationLandscapeLeft UIInterfaceOrientationLandscapeRight";
				INFOPLIST_KEY_UISupportedInterfaceOrientations_iPhone = "UIInterfaceOrientationPortrait UIInterfaceOrientationLandscapeLeft UIInterfaceOrientationLandscapeRight";
				IPHONEOS_DEPLOYMENT_TARGET = 17.0;
				LD_RUNPATH_SEARCH_PATHS = (
					"$(inherited)",
					"@executable_path/Frameworks",
				);
				MARKETING_VERSION = 1.0;
				PRODUCT_BUNDLE_IDENTIFIER = nicholaskuo.ClothesScanner1;
				PRODUCT_NAME = "$(TARGET_NAME)";
				SWIFT_EMIT_LOC_STRINGS = YES;
				SWIFT_VERSION = 5.0;
				TARGETED_DEVICE_FAMILY = "1,2";
			};
			name = Debug;
		};
		51A17B9E2BCB00F800899683 /* Release */ = {
			isa = XCBuildConfiguration;
			buildSettings = {
				ASSETCATALOG_COMPILER_APPICON_NAME = AppIcon;
				ASSETCATALOG_COMPILER_GLOBAL_ACCENT_COLOR_NAME = AccentColor;
				CODE_SIGN_STYLE = Automatic;
				CURRENT_PROJECT_VERSION = 1;
				DEVELOPMENT_ASSET_PATHS = "\"ClothesScanner/Preview Content\"";
				DEVELOPMENT_TEAM = 3RX855KM35;
				ENABLE_PREVIEWS = YES;
				GENERATE_INFOPLIST_FILE = YES;
				INFOPLIST_FILE = ClothesScanner/Info.plist;
				INFOPLIST_KEY_NSCameraUsageDescription = "To scan clothes into the application";
				INFOPLIST_KEY_NSPhotoLibraryAddUsageDescription = "Allows app to save photos to photo library";
				INFOPLIST_KEY_UIApplicationSceneManifest_Generation = YES;
				INFOPLIST_KEY_UIApplicationSupportsIndirectInputEvents = YES;
				INFOPLIST_KEY_UILaunchScreen_Generation = YES;
				INFOPLIST_KEY_UISupportedInterfaceOrientations_iPad = "UIInterfaceOrientationPortrait UIInterfaceOrientationPortraitUpsideDown UIInterfaceOrientationLandscapeLeft UIInterfaceOrientationLandscapeRight";
				INFOPLIST_KEY_UISupportedInterfaceOrientations_iPhone = "UIInterfaceOrientationPortrait UIInterfaceOrientationLandscapeLeft UIInterfaceOrientationLandscapeRight";
				IPHONEOS_DEPLOYMENT_TARGET = 17.0;
				LD_RUNPATH_SEARCH_PATHS = (
					"$(inherited)",
					"@executable_path/Frameworks",
				);
				MARKETING_VERSION = 1.0;
				PRODUCT_BUNDLE_IDENTIFIER = nicholaskuo.ClothesScanner1;
				PRODUCT_NAME = "$(TARGET_NAME)";
				SWIFT_EMIT_LOC_STRINGS = YES;
				SWIFT_VERSION = 5.0;
				TARGETED_DEVICE_FAMILY = "1,2";
			};
			name = Release;
		};
		51A17BA02BCB00F800899683 /* Debug */ = {
			isa = XCBuildConfiguration;
			buildSettings = {
				ALWAYS_EMBED_SWIFT_STANDARD_LIBRARIES = YES;
				BUNDLE_LOADER = "$(TEST_HOST)";
				CODE_SIGN_STYLE = Automatic;
				CURRENT_PROJECT_VERSION = 1;
				DEVELOPMENT_TEAM = CW58XP23R5;
				GENERATE_INFOPLIST_FILE = YES;
				IPHONEOS_DEPLOYMENT_TARGET = 17.2;
				MARKETING_VERSION = 1.0;
				PRODUCT_BUNDLE_IDENTIFIER = nicholaskuo.ClothesScannerTests;
				PRODUCT_NAME = "$(TARGET_NAME)";
				SWIFT_EMIT_LOC_STRINGS = NO;
				SWIFT_VERSION = 5.0;
				TARGETED_DEVICE_FAMILY = "1,2";
				TEST_HOST = "$(BUILT_PRODUCTS_DIR)/ClothesScanner.app/$(BUNDLE_EXECUTABLE_FOLDER_PATH)/ClothesScanner";
			};
			name = Debug;
		};
		51A17BA12BCB00F800899683 /* Release */ = {
			isa = XCBuildConfiguration;
			buildSettings = {
				ALWAYS_EMBED_SWIFT_STANDARD_LIBRARIES = YES;
				BUNDLE_LOADER = "$(TEST_HOST)";
				CODE_SIGN_STYLE = Automatic;
				CURRENT_PROJECT_VERSION = 1;
				DEVELOPMENT_TEAM = CW58XP23R5;
				GENERATE_INFOPLIST_FILE = YES;
				IPHONEOS_DEPLOYMENT_TARGET = 17.2;
				MARKETING_VERSION = 1.0;
				PRODUCT_BUNDLE_IDENTIFIER = nicholaskuo.ClothesScannerTests;
				PRODUCT_NAME = "$(TARGET_NAME)";
				SWIFT_EMIT_LOC_STRINGS = NO;
				SWIFT_VERSION = 5.0;
				TARGETED_DEVICE_FAMILY = "1,2";
				TEST_HOST = "$(BUILT_PRODUCTS_DIR)/ClothesScanner.app/$(BUNDLE_EXECUTABLE_FOLDER_PATH)/ClothesScanner";
			};
			name = Release;
		};
		51A17BA32BCB00F800899683 /* Debug */ = {
			isa = XCBuildConfiguration;
			buildSettings = {
				ALWAYS_EMBED_SWIFT_STANDARD_LIBRARIES = YES;
				CODE_SIGN_STYLE = Automatic;
				CURRENT_PROJECT_VERSION = 1;
				DEVELOPMENT_TEAM = CW58XP23R5;
				GENERATE_INFOPLIST_FILE = YES;
				MARKETING_VERSION = 1.0;
				PRODUCT_BUNDLE_IDENTIFIER = nicholaskuo.ClothesScannerUITests;
				PRODUCT_NAME = "$(TARGET_NAME)";
				SWIFT_EMIT_LOC_STRINGS = NO;
				SWIFT_VERSION = 5.0;
				TARGETED_DEVICE_FAMILY = "1,2";
				TEST_TARGET_NAME = ClothesScanner;
			};
			name = Debug;
		};
		51A17BA42BCB00F800899683 /* Release */ = {
			isa = XCBuildConfiguration;
			buildSettings = {
				ALWAYS_EMBED_SWIFT_STANDARD_LIBRARIES = YES;
				CODE_SIGN_STYLE = Automatic;
				CURRENT_PROJECT_VERSION = 1;
				DEVELOPMENT_TEAM = CW58XP23R5;
				GENERATE_INFOPLIST_FILE = YES;
				MARKETING_VERSION = 1.0;
				PRODUCT_BUNDLE_IDENTIFIER = nicholaskuo.ClothesScannerUITests;
				PRODUCT_NAME = "$(TARGET_NAME)";
				SWIFT_EMIT_LOC_STRINGS = NO;
				SWIFT_VERSION = 5.0;
				TARGETED_DEVICE_FAMILY = "1,2";
				TEST_TARGET_NAME = ClothesScanner;
			};
			name = Release;
		};
/* End XCBuildConfiguration section */

/* Begin XCConfigurationList section */
		51A17B732BCB00F600899683 /* Build configuration list for PBXProject "ClothesScanner" */ = {
			isa = XCConfigurationList;
			buildConfigurations = (
				51A17B9A2BCB00F800899683 /* Debug */,
				51A17B9B2BCB00F800899683 /* Release */,
			);
			defaultConfigurationIsVisible = 0;
			defaultConfigurationName = Release;
		};
		51A17B9C2BCB00F800899683 /* Build configuration list for PBXNativeTarget "ClothesScanner" */ = {
			isa = XCConfigurationList;
			buildConfigurations = (
				51A17B9D2BCB00F800899683 /* Debug */,
				51A17B9E2BCB00F800899683 /* Release */,
			);
			defaultConfigurationIsVisible = 0;
			defaultConfigurationName = Release;
		};
		51A17B9F2BCB00F800899683 /* Build configuration list for PBXNativeTarget "ClothesScannerTests" */ = {
			isa = XCConfigurationList;
			buildConfigurations = (
				51A17BA02BCB00F800899683 /* Debug */,
				51A17BA12BCB00F800899683 /* Release */,
			);
			defaultConfigurationIsVisible = 0;
			defaultConfigurationName = Release;
		};
		51A17BA22BCB00F800899683 /* Build configuration list for PBXNativeTarget "ClothesScannerUITests" */ = {
			isa = XCConfigurationList;
			buildConfigurations = (
				51A17BA32BCB00F800899683 /* Debug */,
				51A17BA42BCB00F800899683 /* Release */,
			);
			defaultConfigurationIsVisible = 0;
			defaultConfigurationName = Release;
		};
/* End XCConfigurationList section */

/* Begin XCVersionGroup section */
		198FEE7B2BD736AA008A7B8D /* Model.xcdatamodeld */ = {
			isa = XCVersionGroup;
			children = (
				198FEE7C2BD736AA008A7B8D /* Model.xcdatamodel */,
			);
			currentVersion = 198FEE7C2BD736AA008A7B8D /* Model.xcdatamodel */;
			path = Model.xcdatamodeld;
			sourceTree = "<group>";
			versionGroupType = wrapper.xcdatamodel;
		};
/* End XCVersionGroup section */
	};
	rootObject = 51A17B702BCB00F600899683 /* Project object */;
}
